
Microsoft Visual Studio Solution File, Format Version 12.00
# Visual Studio 2012
Project("{FAE04EC0-301F-11D3-BF4B-00C04F79EFBC}") = "CRASHAPI", "CRASHAPI\CRASHAPI.csproj", "{7D88896D-BBD1-41C9-A7FB-856CF014E0E8}"
EndProject
Project("{FAE04EC0-301F-11D3-BF4B-00C04F79EFBC}") = "CRASHAPI.Tests", "CRASHAPI.Tests\CRASHAPI.Tests.csproj", "{B67CD8A0-00B5-44DB-9DEC-7AB7D9AB0319}"
EndProject
Global
	GlobalSection(SolutionConfigurationPlatforms) = preSolution
		Debug|Any CPU = Debug|Any CPU
		Release|Any CPU = Release|Any CPU
	EndGlobalSection
	GlobalSection(ProjectConfigurationPlatforms) = postSolution
		{7D88896D-BBD1-41C9-A7FB-856CF014E0E8}.Debug|Any CPU.ActiveCfg = Debug|Any CPU
		{7D88896D-BBD1-41C9-A7FB-856CF014E0E8}.Debug|Any CPU.Build.0 = Debug|Any CPU
		{7D88896D-BBD1-41C9-A7FB-856CF014E0E8}.Release|Any CPU.ActiveCfg = Release|Any CPU
		{7D88896D-BBD1-41C9-A7FB-856CF014E0E8}.Release|Any CPU.Build.0 = Release|Any CPU
		{B67CD8A0-00B5-44DB-9DEC-7AB7D9AB0319}.Debug|Any CPU.ActiveCfg = Debug|Any CPU
		{B67CD8A0-00B5-44DB-9DEC-7AB7D9AB0319}.Debug|Any CPU.Build.0 = Debug|Any CPU
		{B67CD8A0-00B5-44DB-9DEC-7AB7D9AB0319}.Release|Any CPU.ActiveCfg = Release|Any CPU
		{B67CD8A0-00B5-44DB-9DEC-7AB7D9AB0319}.Release|Any CPU.Build.0 = Release|Any CPU
	EndGlobalSection
	GlobalSection(SolutionProperties) = preSolution
		HideSolutionNode = FALSE
	EndGlobalSection
EndGlobal
